
Microsoft Visual Studio Solution File, Format Version 12.00
# Visual Studio Version 16
VisualStudioVersion = 16.0.31424.327
MinimumVisualStudioVersion = 10.0.40219.1
Project("{FAE04EC0-301F-11D3-BF4B-00C04F79EFBC}") = "Esercizio3", "Esercizio3\Esercizio3.csproj", "{5D9C1145-AE77-4348-AD86-F673E6D83E47}"
EndProject
Global
	GlobalSection(SolutionConfigurationPlatforms) = preSolution
		Debug|Any CPU = Debug|Any CPU
		Release|Any CPU = Release|Any CPU
	EndGlobalSection
	GlobalSection(ProjectConfigurationPlatforms) = postSolution
		{5D9C1145-AE77-4348-AD86-F673E6D83E47}.Debug|Any CPU.ActiveCfg = Debug|Any CPU
		{5D9C1145-AE77-4348-AD86-F673E6D83E47}.Debug|Any CPU.Build.0 = Debug|Any CPU
		{5D9C1145-AE77-4348-AD86-F673E6D83E47}.Release|Any CPU.ActiveCfg = Release|Any CPU
		{5D9C1145-AE77-4348-AD86-F673E6D83E47}.Release|Any CPU.Build.0 = Release|Any CPU
	EndGlobalSection
	GlobalSection(SolutionProperties) = preSolution
		HideSolutionNode = FALSE
	EndGlobalSection
	GlobalSection(ExtensibilityGlobals) = postSolution
		SolutionGuid = {89F09677-C4BA-4C86-8CDD-5E7B81B52262}
	EndGlobalSection
EndGlobal
